
Microsoft Visual Studio Solution File, Format Version 12.00
# Visual Studio Version 17
VisualStudioVersion = 17.14.36705.20 d17.14
MinimumVisualStudioVersion = 10.0.40219.1
Project("{FAE04EC0-301F-11D3-BF4B-00C04F79EFBC}") = "Tp 7", "Tp 7\Tp 7.csproj", "{679A6E78-25E4-49BB-9BC0-756525E21474}"
EndProject
Global
	GlobalSection(SolutionConfigurationPlatforms) = preSolution
		Debug|Any CPU = Debug|Any CPU
		Release|Any CPU = Release|Any CPU
	EndGlobalSection
	GlobalSection(ProjectConfigurationPlatforms) = postSolution
		{679A6E78-25E4-49BB-9BC0-756525E21474}.Debug|Any CPU.ActiveCfg = Debug|Any CPU
		{679A6E78-25E4-49BB-9BC0-756525E21474}.Debug|Any CPU.Build.0 = Debug|Any CPU
		{679A6E78-25E4-49BB-9BC0-756525E21474}.Release|Any CPU.ActiveCfg = Release|Any CPU
		{679A6E78-25E4-49BB-9BC0-756525E21474}.Release|Any CPU.Build.0 = Release|Any CPU
	EndGlobalSection
	GlobalSection(SolutionProperties) = preSolution
		HideSolutionNode = FALSE
	EndGlobalSection
	GlobalSection(ExtensibilityGlobals) = postSolution
		SolutionGuid = {40F067D5-8F55-4912-9808-E60C5A652812}
	EndGlobalSection
EndGlobal
