
Microsoft Visual Studio Solution File, Format Version 12.00
# Visual Studio Version 17
VisualStudioVersion = 17.5.33530.505
MinimumVisualStudioVersion = 10.0.40219.1
Project("{FAE04EC0-301F-11D3-BF4B-00C04F79EFBC}") = "Tp 8", "Tp 8\Tp 8.csproj", "{9F59D2F2-B399-4908-95C9-0AB5F9602BD1}"
EndProject
Global
	GlobalSection(SolutionConfigurationPlatforms) = preSolution
		Debug|Any CPU = Debug|Any CPU
		Release|Any CPU = Release|Any CPU
	EndGlobalSection
	GlobalSection(ProjectConfigurationPlatforms) = postSolution
		{9F59D2F2-B399-4908-95C9-0AB5F9602BD1}.Debug|Any CPU.ActiveCfg = Debug|Any CPU
		{9F59D2F2-B399-4908-95C9-0AB5F9602BD1}.Debug|Any CPU.Build.0 = Debug|Any CPU
		{9F59D2F2-B399-4908-95C9-0AB5F9602BD1}.Release|Any CPU.ActiveCfg = Release|Any CPU
		{9F59D2F2-B399-4908-95C9-0AB5F9602BD1}.Release|Any CPU.Build.0 = Release|Any CPU
	EndGlobalSection
	GlobalSection(SolutionProperties) = preSolution
		HideSolutionNode = FALSE
	EndGlobalSection
	GlobalSection(ExtensibilityGlobals) = postSolution
		SolutionGuid = {1469F05A-00A0-4B32-9741-58A8BE101E48}
	EndGlobalSection
EndGlobal
