
Microsoft Visual Studio Solution File, Format Version 12.00
# Visual Studio Version 17
VisualStudioVersion = 17.14.36705.20 d17.14
MinimumVisualStudioVersion = 10.0.40219.1
Project("{FAE04EC0-301F-11D3-BF4B-00C04F79EFBC}") = "Tp 9", "Tp 9\Tp 9.csproj", "{F2BA45C7-0D23-4F71-AB99-FBA6AA46D74E}"
EndProject
Global
	GlobalSection(SolutionConfigurationPlatforms) = preSolution
		Debug|Any CPU = Debug|Any CPU
		Release|Any CPU = Release|Any CPU
	EndGlobalSection
	GlobalSection(ProjectConfigurationPlatforms) = postSolution
		{F2BA45C7-0D23-4F71-AB99-FBA6AA46D74E}.Debug|Any CPU.ActiveCfg = Debug|Any CPU
		{F2BA45C7-0D23-4F71-AB99-FBA6AA46D74E}.Debug|Any CPU.Build.0 = Debug|Any CPU
		{F2BA45C7-0D23-4F71-AB99-FBA6AA46D74E}.Release|Any CPU.ActiveCfg = Release|Any CPU
		{F2BA45C7-0D23-4F71-AB99-FBA6AA46D74E}.Release|Any CPU.Build.0 = Release|Any CPU
	EndGlobalSection
	GlobalSection(SolutionProperties) = preSolution
		HideSolutionNode = FALSE
	EndGlobalSection
	GlobalSection(ExtensibilityGlobals) = postSolution
		SolutionGuid = {DDDE4E7F-D2C6-4FE7-9A36-3FD5BDD2F894}
	EndGlobalSection
EndGlobal
